// !$*UTF8*$!
{
	archiveVersion = 1;
	classes = {
	};
	objectVersion = 55;
	objects = {

/* Begin PBXBuildFile section */
		74C8154127D0697000C748D7 /* main.cpp in Sources */ = {isa = PBXBuildFile; fileRef = 74C8154027D0697000C748D7 /* main.cpp */; };
		74D2F94B27D06B4A00F2779C /* PersonProfile.cpp in Sources */ = {isa = PBXBuildFile; fileRef = 74D2F94927D06B4A00F2779C /* PersonProfile.cpp */; };
		74D2F94E27D06B6A00F2779C /* AttributeTranslator.cpp in Sources */ = {isa = PBXBuildFile; fileRef = 74D2F94C27D06B6A00F2779C /* AttributeTranslator.cpp */; };
		74D2F95127D06B8500F2779C /* MemberDatabase.cpp in Sources */ = {isa = PBXBuildFile; fileRef = 74D2F94F27D06B8500F2779C /* MemberDatabase.cpp */; };
		74D2F95427D06BC200F2779C /* MatchMaker.cpp in Sources */ = {isa = PBXBuildFile; fileRef = 74D2F95227D06BC200F2779C /* MatchMaker.cpp */; };
/* End PBXBuildFile section */

/* Begin PBXCopyFilesBuildPhase section */
		74C8153B27D0697000C748D7 /* CopyFiles */ = {
			isa = PBXCopyFilesBuildPhase;
			buildActionMask = 2147483647;
			dstPath = /usr/share/man/man1/;
			dstSubfolderSpec = 0;
			files = (
			);
			runOnlyForDeploymentPostprocessing = 1;
		};
/* End PBXCopyFilesBuildPhase section */

/* Begin PBXFileReference section */
		7486E7A027D069F200C5BF68 /* provided.h */ = {isa = PBXFileReference; lastKnownFileType = sourcecode.c.h; path = provided.h; sourceTree = "<group>"; };
		7495A64227D5619C0091B38D /* translator.txt */ = {isa = PBXFileReference; lastKnownFileType = text; name = translator.txt; path = /Users/michellenavarretevega/Desktop/cs32_ucla/cs_project4/cs32_UnHinged/cs32_UnHinged/../../../../../Downloads/Unhinged/translator.txt; sourceTree = "<absolute>"; };
		74C8153D27D0697000C748D7 /* cs32_UnHinged */ = {isa = PBXFileReference; explicitFileType = "compiled.mach-o.executable"; includeInIndex = 0; path = cs32_UnHinged; sourceTree = BUILT_PRODUCTS_DIR; };
		74C8154027D0697000C748D7 /* main.cpp */ = {isa = PBXFileReference; lastKnownFileType = sourcecode.cpp.cpp; path = main.cpp; sourceTree = "<group>"; };
		74D2F94827D06B0D00F2779C /* members.txt */ = {isa = PBXFileReference; lastKnownFileType = text; path = members.txt; sourceTree = "<group>"; };
		74D2F94927D06B4A00F2779C /* PersonProfile.cpp */ = {isa = PBXFileReference; lastKnownFileType = sourcecode.cpp.cpp; path = PersonProfile.cpp; sourceTree = "<group>"; };
		74D2F94A27D06B4A00F2779C /* PersonProfile.h */ = {isa = PBXFileReference; lastKnownFileType = sourcecode.c.h; path = PersonProfile.h; sourceTree = "<group>"; };
		74D2F94C27D06B6A00F2779C /* AttributeTranslator.cpp */ = {isa = PBXFileReference; lastKnownFileType = sourcecode.cpp.cpp; path = AttributeTranslator.cpp; sourceTree = "<group>"; };
		74D2F94D27D06B6A00F2779C /* AttributeTranslator.h */ = {isa = PBXFileReference; lastKnownFileType = sourcecode.c.h; path = AttributeTranslator.h; sourceTree = "<group>"; };
		74D2F94F27D06B8500F2779C /* MemberDatabase.cpp */ = {isa = PBXFileReference; lastKnownFileType = sourcecode.cpp.cpp; path = MemberDatabase.cpp; sourceTree = "<group>"; };
		74D2F95027D06B8500F2779C /* MemberDatabase.h */ = {isa = PBXFileReference; lastKnownFileType = sourcecode.c.h; path = MemberDatabase.h; sourceTree = "<group>"; };
		74D2F95227D06BC200F2779C /* MatchMaker.cpp */ = {isa = PBXFileReference; lastKnownFileType = sourcecode.cpp.cpp; path = MatchMaker.cpp; sourceTree = "<group>"; };
		74D2F95327D06BC200F2779C /* MatchMaker.h */ = {isa = PBXFileReference; lastKnownFileType = sourcecode.c.h; path = MatchMaker.h; sourceTree = "<group>"; };
		74D2F95527D06C0000F2779C /* RadixTree.h */ = {isa = PBXFileReference; lastKnownFileType = sourcecode.c.h; path = RadixTree.h; sourceTree = "<group>"; };
/* End PBXFileReference section */

/* Begin PBXFrameworksBuildPhase section */
		74C8153A27D0697000C748D7 /* Frameworks */ = {
			isa = PBXFrameworksBuildPhase;
			buildActionMask = 2147483647;
			files = (
			);
			runOnlyForDeploymentPostprocessing = 0;
		};
/* End PBXFrameworksBuildPhase section */

/* Begin PBXGroup section */
		74C8153427D0697000C748D7 = {
			isa = PBXGroup;
			children = (
				74C8153F27D0697000C748D7 /* cs32_UnHinged */,
				74C8153E27D0697000C748D7 /* Products */,
			);
			sourceTree = "<group>";
		};
		74C8153E27D0697000C748D7 /* Products */ = {
			isa = PBXGroup;
			children = (
				74C8153D27D0697000C748D7 /* cs32_UnHinged */,
			);
			name = Products;
			sourceTree = "<group>";
		};
		74C8153F27D0697000C748D7 /* cs32_UnHinged */ = {
			isa = PBXGroup;
			children = (
				74D2F94827D06B0D00F2779C /* members.txt */,
				74C8154027D0697000C748D7 /* main.cpp */,
				74D2F95227D06BC200F2779C /* MatchMaker.cpp */,
				74D2F95327D06BC200F2779C /* MatchMaker.h */,
				7486E7A027D069F200C5BF68 /* provided.h */,
				74D2F94F27D06B8500F2779C /* MemberDatabase.cpp */,
				74D2F95027D06B8500F2779C /* MemberDatabase.h */,
				74D2F94C27D06B6A00F2779C /* AttributeTranslator.cpp */,
				74D2F94D27D06B6A00F2779C /* AttributeTranslator.h */,
				74D2F94927D06B4A00F2779C /* PersonProfile.cpp */,
				74D2F94A27D06B4A00F2779C /* PersonProfile.h */,
				74D2F95527D06C0000F2779C /* RadixTree.h */,
				7495A64227D5619C0091B38D /* translator.txt */,
			);
			path = cs32_UnHinged;
			sourceTree = "<group>";
		};
/* End PBXGroup section */

/* Begin PBXNativeTarget section */
		74C8153C27D0697000C748D7 /* cs32_UnHinged */ = {
			isa = PBXNativeTarget;
			buildConfigurationList = 74C8154427D0697000C748D7 /* Build configuration list for PBXNativeTarget "cs32_UnHinged" */;
			buildPhases = (
				74C8153927D0697000C748D7 /* Sources */,
				74C8153A27D0697000C748D7 /* Frameworks */,
				74C8153B27D0697000C748D7 /* CopyFiles */,
			);
			buildRules = (
			);
			dependencies = (
			);
			name = cs32_UnHinged;
			productName = cs32_UnHinged;
			productReference = 74C8153D27D0697000C748D7 /* cs32_UnHinged */;
			productType = "com.apple.product-type.tool";
		};
/* End PBXNativeTarget section */

/* Begin PBXProject section */
		74C8153527D0697000C748D7 /* Project object */ = {
			isa = PBXProject;
			attributes = {
				BuildIndependentTargetsInParallel = 1;
				LastUpgradeCheck = 1320;
				TargetAttributes = {
					74C8153C27D0697000C748D7 = {
						CreatedOnToolsVersion = 13.2.1;
					};
				};
			};
			buildConfigurationList = 74C8153827D0697000C748D7 /* Build configuration list for PBXProject "cs32_UnHinged" */;
			compatibilityVersion = "Xcode 13.0";
			developmentRegion = en;
			hasScannedForEncodings = 0;
			knownRegions = (
				en,
				Base,
			);
			mainGroup = 74C8153427D0697000C748D7;
			productRefGroup = 74C8153E27D0697000C748D7 /* Products */;
			projectDirPath = "";
			projectRoot = "";
			targets = (
				74C8153C27D0697000C748D7 /* cs32_UnHinged */,
			);
		};
/* End PBXProject section */

/* Begin PBXSourcesBuildPhase section */
		74C8153927D0697000C748D7 /* Sources */ = {
			isa = PBXSourcesBuildPhase;
			buildActionMask = 2147483647;
			files = (
				74D2F95127D06B8500F2779C /* MemberDatabase.cpp in Sources */,
				74D2F94E27D06B6A00F2779C /* AttributeTranslator.cpp in Sources */,
				74D2F95427D06BC200F2779C /* MatchMaker.cpp in Sources */,
				74D2F94B27D06B4A00F2779C /* PersonProfile.cpp in Sources */,
				74C8154127D0697000C748D7 /* main.cpp in Sources */,
			);
			runOnlyForDeploymentPostprocessing = 0;
		};
/* End PBXSourcesBuildPhase section */

/* Begin XCBuildConfiguration section */
		74C8154227D0697000C748D7 /* Debug */ = {
			isa = XCBuildConfiguration;
			buildSettings = {
				ALWAYS_SEARCH_USER_PATHS = NO;
				CLANG_ANALYZER_NONNULL = YES;
				CLANG_ANALYZER_NUMBER_OBJECT_CONVERSION = YES_AGGRESSIVE;
				CLANG_CXX_LANGUAGE_STANDARD = "gnu++17";
				CLANG_CXX_LIBRARY = "libc++";
				CLANG_ENABLE_MODULES = YES;
				CLANG_ENABLE_OBJC_ARC = YES;
				CLANG_ENABLE_OBJC_WEAK = YES;
				CLANG_WARN_BLOCK_CAPTURE_AUTORELEASING = YES;
				CLANG_WARN_BOOL_CONVERSION = YES;
				CLANG_WARN_COMMA = YES;
				CLANG_WARN_CONSTANT_CONVERSION = YES;
				CLANG_WARN_DEPRECATED_OBJC_IMPLEMENTATIONS = YES;
				CLANG_WARN_DIRECT_OBJC_ISA_USAGE = YES_ERROR;
				CLANG_WARN_DOCUMENTATION_COMMENTS = YES;
				CLANG_WARN_EMPTY_BODY = YES;
				CLANG_WARN_ENUM_CONVERSION = YES;
				CLANG_WARN_INFINITE_RECURSION = YES;
				CLANG_WARN_INT_CONVERSION = YES;
				CLANG_WARN_NON_LITERAL_NULL_CONVERSION = YES;
				CLANG_WARN_OBJC_IMPLICIT_RETAIN_SELF = YES;
				CLANG_WARN_OBJC_LITERAL_CONVERSION = YES;
				CLANG_WARN_OBJC_ROOT_CLASS = YES_ERROR;
				CLANG_WARN_QUOTED_INCLUDE_IN_FRAMEWORK_HEADER = YES;
				CLANG_WARN_RANGE_LOOP_ANALYSIS = YES;
				CLANG_WARN_STRICT_PROTOTYPES = YES;
				CLANG_WARN_SUSPICIOUS_MOVE = YES;
				CLANG_WARN_UNGUARDED_AVAILABILITY = YES_AGGRESSIVE;
				CLANG_WARN_UNREACHABLE_CODE = YES;
				CLANG_WARN__DUPLICATE_METHOD_MATCH = YES;
				COPY_PHASE_STRIP = NO;
				DEBUG_INFORMATION_FORMAT = dwarf;
				ENABLE_STRICT_OBJC_MSGSEND = YES;
				ENABLE_TESTABILITY = YES;
				GCC_C_LANGUAGE_STANDARD = gnu11;
				GCC_DYNAMIC_NO_PIC = NO;
				GCC_NO_COMMON_BLOCKS = YES;
				GCC_OPTIMIZATION_LEVEL = 0;
				GCC_PREPROCESSOR_DEFINITIONS = (
					"DEBUG=1",
					"$(inherited)",
				);
				GCC_WARN_64_TO_32_BIT_CONVERSION = YES;
				GCC_WARN_ABOUT_RETURN_TYPE = YES_ERROR;
				GCC_WARN_UNDECLARED_SELECTOR = YES;
				GCC_WARN_UNINITIALIZED_AUTOS = YES_AGGRESSIVE;
				GCC_WARN_UNUSED_FUNCTION = YES;
				GCC_WARN_UNUSED_VARIABLE = YES;
				MACOSX_DEPLOYMENT_TARGET = 12.1;
				MTL_ENABLE_DEBUG_INFO = INCLUDE_SOURCE;
				MTL_FAST_MATH = YES;
				ONLY_ACTIVE_ARCH = YES;
				SDKROOT = macosx;
			};
			name = Debug;
		};
		74C8154327D0697000C748D7 /* Release */ = {
			isa = XCBuildConfiguration;
			buildSettings = {
				ALWAYS_SEARCH_USER_PATHS = NO;
				CLANG_ANALYZER_NONNULL = YES;
				CLANG_ANALYZER_NUMBER_OBJECT_CONVERSION = YES_AGGRESSIVE;
				CLANG_CXX_LANGUAGE_STANDARD = "gnu++17";
				CLANG_CXX_LIBRARY = "libc++";
				CLANG_ENABLE_MODULES = YES;
				CLANG_ENABLE_OBJC_ARC = YES;
				CLANG_ENABLE_OBJC_WEAK = YES;
				CLANG_WARN_BLOCK_CAPTURE_AUTORELEASING = YES;
				CLANG_WARN_BOOL_CONVERSION = YES;
				CLANG_WARN_COMMA = YES;
				CLANG_WARN_CONSTANT_CONVERSION = YES;
				CLANG_WARN_DEPRECATED_OBJC_IMPLEMENTATIONS = YES;
				CLANG_WARN_DIRECT_OBJC_ISA_USAGE = YES_ERROR;
				CLANG_WARN_DOCUMENTATION_COMMENTS = YES;
				CLANG_WARN_EMPTY_BODY = YES;
				CLANG_WARN_ENUM_CONVERSION = YES;
				CLANG_WARN_INFINITE_RECURSION = YES;
				CLANG_WARN_INT_CONVERSION = YES;
				CLANG_WARN_NON_LITERAL_NULL_CONVERSION = YES;
				CLANG_WARN_OBJC_IMPLICIT_RETAIN_SELF = YES;
				CLANG_WARN_OBJC_LITERAL_CONVERSION = YES;
				CLANG_WARN_OBJC_ROOT_CLASS = YES_ERROR;
				CLANG_WARN_QUOTED_INCLUDE_IN_FRAMEWORK_HEADER = YES;
				CLANG_WARN_RANGE_LOOP_ANALYSIS = YES;
				CLANG_WARN_STRICT_PROTOTYPES = YES;
				CLANG_WARN_SUSPICIOUS_MOVE = YES;
				CLANG_WARN_UNGUARDED_AVAILABILITY = YES_AGGRESSIVE;
				CLANG_WARN_UNREACHABLE_CODE = YES;
				CLANG_WARN__DUPLICATE_METHOD_MATCH = YES;
				COPY_PHASE_STRIP = NO;
				DEBUG_INFORMATION_FORMAT = "dwarf-with-dsym";
				ENABLE_NS_ASSERTIONS = NO;
				ENABLE_STRICT_OBJC_MSGSEND = YES;
				GCC_C_LANGUAGE_STANDARD = gnu11;
				GCC_NO_COMMON_BLOCKS = YES;
				GCC_WARN_64_TO_32_BIT_CONVERSION = YES;
				GCC_WARN_ABOUT_RETURN_TYPE = YES_ERROR;
				GCC_WARN_UNDECLARED_SELECTOR = YES;
				GCC_WARN_UNINITIALIZED_AUTOS = YES_AGGRESSIVE;
				GCC_WARN_UNUSED_FUNCTION = YES;
				GCC_WARN_UNUSED_VARIABLE = YES;
				MACOSX_DEPLOYMENT_TARGET = 12.1;
				MTL_ENABLE_DEBUG_INFO = NO;
				MTL_FAST_MATH = YES;
				SDKROOT = macosx;
			};
			name = Release;
		};
		74C8154527D0697000C748D7 /* Debug */ = {
			isa = XCBuildConfiguration;
			buildSettings = {
				CODE_SIGN_STYLE = Automatic;
				PRODUCT_NAME = "$(TARGET_NAME)";
			};
			name = Debug;
		};
		74C8154627D0697000C748D7 /* Release */ = {
			isa = XCBuildConfiguration;
			buildSettings = {
				CODE_SIGN_STYLE = Automatic;
				PRODUCT_NAME = "$(TARGET_NAME)";
			};
			name = Release;
		};
/* End XCBuildConfiguration section */

/* Begin XCConfigurationList section */
		74C8153827D0697000C748D7 /* Build configuration list for PBXProject "cs32_UnHinged" */ = {
			isa = XCConfigurationList;
			buildConfigurations = (
				74C8154227D0697000C748D7 /* Debug */,
				74C8154327D0697000C748D7 /* Release */,
			);
			defaultConfigurationIsVisible = 0;
			defaultConfigurationName = Release;
		};
		74C8154427D0697000C748D7 /* Build configuration list for PBXNativeTarget "cs32_UnHinged" */ = {
			isa = XCConfigurationList;
			buildConfigurations = (
				74C8154527D0697000C748D7 /* Debug */,
				74C8154627D0697000C748D7 /* Release */,
			);
			defaultConfigurationIsVisible = 0;
			defaultConfigurationName = Release;
		};
/* End XCConfigurationList section */
	};
	rootObject = 74C8153527D0697000C748D7 /* Project object */;
}
